
Microsoft Visual Studio Solution File, Format Version 12.00
# Visual Studio Version 17
VisualStudioVersion = 17.0.32014.148
MinimumVisualStudioVersion = 10.0.40219.1
Project("{FAE04EC0-301F-11D3-BF4B-00C04F79EFBC}") = "OnlineSchool", "OnlineSchool\OnlineSchool.csproj", "{D5702C30-E2B6-4757-952C-64F24ABF4244}"
EndProject
Global
	GlobalSection(SolutionConfigurationPlatforms) = preSolution
		Debug|Any CPU = Debug|Any CPU
		Release|Any CPU = Release|Any CPU
	EndGlobalSection
	GlobalSection(ProjectConfigurationPlatforms) = postSolution
		{D5702C30-E2B6-4757-952C-64F24ABF4244}.Debug|Any CPU.ActiveCfg = Debug|Any CPU
		{D5702C30-E2B6-4757-952C-64F24ABF4244}.Debug|Any CPU.Build.0 = Debug|Any CPU
		{D5702C30-E2B6-4757-952C-64F24ABF4244}.Release|Any CPU.ActiveCfg = Release|Any CPU
		{D5702C30-E2B6-4757-952C-64F24ABF4244}.Release|Any CPU.Build.0 = Release|Any CPU
	EndGlobalSection
	GlobalSection(SolutionProperties) = preSolution
		HideSolutionNode = FALSE
	EndGlobalSection
	GlobalSection(ExtensibilityGlobals) = postSolution
		SolutionGuid = {225A87C4-AEC5-4768-A9F5-7751F81C558D}
	EndGlobalSection
EndGlobal
